<?xml version="1.0" encoding="utf-8"?>
<Project ToolsVersion="4.0" xmlns="http://schemas.microsoft.com/developer/msbuild/2003">
  <ItemGroup>
    <Filter Include="源文件">
      <UniqueIdentifier>{4FC737F1-C7A5-4376-A066-2A32D752A2FF}</UniqueIdentifier>
      <Extensions>cpp;c;cc;cxx;c++;cppm;ixx;def;odl;idl;hpj;bat;asm;asmx</Extensions>
    </Filter>
    <Filter Include="头文件">
      <UniqueIdentifier>{93995380-89BD-4b04-88EB-625FBE52EBFB}</UniqueIdentifier>
      <Extensions>h;hh;hpp;hxx;h++;hm;inl;inc;ipp;xsd</Extensions>
    </Filter>
    <Filter Include="render">
      <UniqueIdentifier>{6a7a9a48-dd91-477a-a7ca-9e35a2957d3a}</UniqueIdentifier>
    </Filter>
    <Filter Include="module">
      <UniqueIdentifier>{4cf64b29-fcf0-4018-9b73-2dd97acf6656}</UniqueIdentifier>
    </Filter>
    <Filter Include="module\headers">
      <UniqueIdentifier>{343466cf-36c1-479b-9b33-8b67127625d2}</UniqueIdentifier>
    </Filter>
    <Filter Include="widget">
      <UniqueIdentifier>{30f016ea-f74b-4707-ae83-30386d6dde53}</UniqueIdentifier>
    </Filter>
    <Filter Include="widget\headers">
      <UniqueIdentifier>{138c63f7-eadc-4319-ba3a-f1c2aafc9937}</UniqueIdentifier>
    </Filter>
    <Filter Include="imgui">
      <UniqueIdentifier>{59e4b10f-fc56-44ab-86c7-9158b317ba19}</UniqueIdentifier>
    </Filter>
  </ItemGroup>
  <ItemGroup>
    <ClCompile Include="main.cpp">
      <Filter>源文件</Filter>
    </ClCompile>
    <ClCompile Include="render\render.cpp">
      <Filter>render</Filter>
    </ClCompile>
    <ClCompile Include="module\process.cpp">
      <Filter>module</Filter>
    </ClCompile>
    <ClCompile Include="module\module.cpp">
      <Filter>module</Filter>
    </ClCompile>
    <ClCompile Include="module\memory.cpp">
      <Filter>module</Filter>
    </ClCompile>
    <ClCompile Include="module\thread.cpp">
      <Filter>module</Filter>
    </ClCompile>
    <ClCompile Include="module\vehhandler.cpp">
      <Filter>module</Filter>
    </ClCompile>
    <ClCompile Include="module\window.cpp">
      <Filter>module</Filter>
    </ClCompile>
    <ClCompile Include="widget\MainWidget.cpp">
      <Filter>widget</Filter>
    </ClCompile>
    <ClCompile Include="widget\ProcessWidget.cpp">
      <Filter>widget</Filter>
    </ClCompile>
    <ClCompile Include="widget\ThreadWidget.cpp">
      <Filter>widget</Filter>
    </ClCompile>
    <ClCompile Include="widget\ExceptionWidget.cpp">
      <Filter>widget</Filter>
    </ClCompile>
    <ClCompile Include="widget\MemoryWidget.cpp">
      <Filter>widget</Filter>
    </ClCompile>
    <ClCompile Include="widget\ModuleWidget.cpp">
      <Filter>widget</Filter>
    </ClCompile>
    <ClCompile Include="widget\SyscallMonitorWidget.cpp">
      <Filter>widget</Filter>
    </ClCompile>
    <ClCompile Include="widget\VehDebuggerWidget.cpp">
      <Filter>widget</Filter>
    </ClCompile>
    <ClCompile Include="widget\WindowsWidget.cpp">
      <Filter>widget</Filter>
    </ClCompile>
    <ClCompile Include="widget\BreakRecordWidget.cpp">
      <Filter>widget</Filter>
    </ClCompile>
    <ClCompile Include="module\debugger.cpp">
      <Filter>module</Filter>
    </ClCompile>
    <ClCompile Include="widget\ContextWidget.cpp">
      <Filter>widget</Filter>
    </ClCompile>
    <ClCompile Include="widget\DisassemblyWidget.cpp">
      <Filter>widget</Filter>
    </ClCompile>
    <ClCompile Include="widget\StackWidget.cpp">
      <Filter>widget</Filter>
    </ClCompile>
    <ClCompile Include="widget\ScanHooksWidget.cpp">
      <Filter>widget</Filter>
    </ClCompile>
    <ClCompile Include="module\hooks.cpp">
      <Filter>module</Filter>
    </ClCompile>
    <ClCompile Include="..\3part\imgui\imgui.cpp">
      <Filter>imgui</Filter>
    </ClCompile>
    <ClCompile Include="..\3part\imgui\imgui_demo.cpp">
      <Filter>imgui</Filter>
    </ClCompile>
    <ClCompile Include="..\3part\imgui\imgui_draw.cpp">
      <Filter>imgui</Filter>
    </ClCompile>
    <ClCompile Include="..\3part\imgui\imgui_impl_dx11.cpp">
      <Filter>imgui</Filter>
    </ClCompile>
    <ClCompile Include="..\3part\imgui\imgui_impl_win32.cpp">
      <Filter>imgui</Filter>
    </ClCompile>
    <ClCompile Include="..\3part\imgui\imgui_tables.cpp">
      <Filter>imgui</Filter>
    </ClCompile>
    <ClCompile Include="..\3part\imgui\Imgui_text_editor.cpp">
      <Filter>imgui</Filter>
    </ClCompile>
    <ClCompile Include="..\3part\imgui\imgui_theme.cpp">
      <Filter>imgui</Filter>
    </ClCompile>
    <ClCompile Include="..\3part\imgui\imgui_widgets.cpp">
      <Filter>imgui</Filter>
    </ClCompile>
  </ItemGroup>
  <ItemGroup>
    <ClInclude Include="render\render.h">
      <Filter>render</Filter>
    </ClInclude>
    <ClInclude Include="render\stb_image.h">
      <Filter>render</Filter>
    </ClInclude>
    <ClInclude Include="defs.h">
      <Filter>头文件</Filter>
    </ClInclude>
    <ClInclude Include="ntStruct.h">
      <Filter>头文件</Filter>
    </ClInclude>
    <ClInclude Include="global.h">
      <Filter>头文件</Filter>
    </ClInclude>
    <ClInclude Include="module\memory.h">
      <Filter>module\headers</Filter>
    </ClInclude>
    <ClInclude Include="module\module.h">
      <Filter>module\headers</Filter>
    </ClInclude>
    <ClInclude Include="module\process.h">
      <Filter>module\headers</Filter>
    </ClInclude>
    <ClInclude Include="module\thread.h">
      <Filter>module\headers</Filter>
    </ClInclude>
    <ClInclude Include="module\vehhandler.h">
      <Filter>module\headers</Filter>
    </ClInclude>
    <ClInclude Include="module\window.h">
      <Filter>module\headers</Filter>
    </ClInclude>
    <ClInclude Include="widget\ExceptionWidget.h">
      <Filter>widget\headers</Filter>
    </ClInclude>
    <ClInclude Include="widget\MainWidget.h">
      <Filter>widget\headers</Filter>
    </ClInclude>
    <ClInclude Include="widget\MemoryWidget.h">
      <Filter>widget\headers</Filter>
    </ClInclude>
    <ClInclude Include="widget\ModuleWidget.h">
      <Filter>widget\headers</Filter>
    </ClInclude>
    <ClInclude Include="widget\ProcessWidget.h">
      <Filter>widget\headers</Filter>
    </ClInclude>
    <ClInclude Include="widget\SyscallMonitorWidget.h">
      <Filter>widget\headers</Filter>
    </ClInclude>
    <ClInclude Include="widget\ThreadWidget.h">
      <Filter>widget\headers</Filter>
    </ClInclude>
    <ClInclude Include="widget\VehDebuggerWidget.h">
      <Filter>widget\headers</Filter>
    </ClInclude>
    <ClInclude Include="widget\WindowsWidget.h">
      <Filter>widget\headers</Filter>
    </ClInclude>
    <ClInclude Include="module\debugger.h">
      <Filter>module\headers</Filter>
    </ClInclude>
    <ClInclude Include="widget\BreakRecordWidget.h">
      <Filter>widget\headers</Filter>
    </ClInclude>
    <ClInclude Include="widget\ContextWidget.h">
      <Filter>widget\headers</Filter>
    </ClInclude>
    <ClInclude Include="widget\DisassemblyWidget.h">
      <Filter>widget\headers</Filter>
    </ClInclude>
    <ClInclude Include="widget\StackWidget.h">
      <Filter>widget\headers</Filter>
    </ClInclude>
    <ClInclude Include="widget\ScanHooksWidget.h">
      <Filter>widget\headers</Filter>
    </ClInclude>
    <ClInclude Include="module\hooks.h">
      <Filter>module\headers</Filter>
    </ClInclude>
    <ClInclude Include="resource.h">
      <Filter>头文件</Filter>
    </ClInclude>
    <ClInclude Include="IconsFontAwesome5.h">
      <Filter>头文件</Filter>
    </ClInclude>
    <ClInclude Include="..\3part\imgui\imconfig.h">
      <Filter>imgui</Filter>
    </ClInclude>
    <ClInclude Include="..\3part\imgui\imgui.h">
      <Filter>imgui</Filter>
    </ClInclude>
    <ClInclude Include="..\3part\imgui\imgui_impl_dx11.h">
      <Filter>imgui</Filter>
    </ClInclude>
    <ClInclude Include="..\3part\imgui\imgui_impl_win32.h">
      <Filter>imgui</Filter>
    </ClInclude>
    <ClInclude Include="..\3part\imgui\imgui_internal.h">
      <Filter>imgui</Filter>
    </ClInclude>
    <ClInclude Include="..\3part\imgui\imgui_memory_editor.h">
      <Filter>imgui</Filter>
    </ClInclude>
    <ClInclude Include="..\3part\imgui\Imgui_text_editor.h">
      <Filter>imgui</Filter>
    </ClInclude>
    <ClInclude Include="..\3part\imgui\imgui_theme.h">
      <Filter>imgui</Filter>
    </ClInclude>
    <ClInclude Include="..\3part\imgui\imstb_rectpack.h">
      <Filter>imgui</Filter>
    </ClInclude>
    <ClInclude Include="..\3part\imgui\imstb_textedit.h">
      <Filter>imgui</Filter>
    </ClInclude>
    <ClInclude Include="..\3part\imgui\imstb_truetype.h">
      <Filter>imgui</Filter>
    </ClInclude>
  </ItemGroup>
  <ItemGroup>
    <ResourceCompile Include="NoBanMe.rc" />
  </ItemGroup>
  <ItemGroup>
    <Image Include="icon.ico" />
  </ItemGroup>
</Project>