<?xml version="1.0" encoding="utf-8"?>
<Project ToolsVersion="4.0" xmlns="http://schemas.microsoft.com/developer/msbuild/2003">
  <ItemGroup>
    <Filter Include="源文件">
      <UniqueIdentifier>{4FC737F1-C7A5-4376-A066-2A32D752A2FF}</UniqueIdentifier>
      <Extensions>cpp;c;cc;cxx;c++;cppm;ixx;def;odl;idl;hpj;bat;asm;asmx</Extensions>
    </Filter>
    <Filter Include="头文件">
      <UniqueIdentifier>{93995380-89BD-4b04-88EB-625FBE52EBFB}</UniqueIdentifier>
      <Extensions>h;hh;hpp;hxx;h++;hm;inl;inc;ipp;xsd</Extensions>
    </Filter>
    <Filter Include="monitor">
      <UniqueIdentifier>{c96ab4d1-2f10-42c3-840c-e500a600588f}</UniqueIdentifier>
    </Filter>
    <Filter Include="monitor\syscall">
      <UniqueIdentifier>{5bb2db17-2730-4a63-936d-74fd68ad582c}</UniqueIdentifier>
    </Filter>
    <Filter Include="veh">
      <UniqueIdentifier>{7943c832-72f6-41b2-8d85-6a701f3a5a94}</UniqueIdentifier>
    </Filter>
    <Filter Include="pipe">
      <UniqueIdentifier>{c2dd85a2-aca4-47ce-bdf0-8b2296e0e8f3}</UniqueIdentifier>
    </Filter>
    <Filter Include="hook">
      <UniqueIdentifier>{b1f57d1e-9ac4-472b-a727-d2dc91f254c9}</UniqueIdentifier>
    </Filter>
    <Filter Include="3rdParty">
      <UniqueIdentifier>{1ed9b32a-e20f-44ba-8e03-9e5d2a7e9ccc}</UniqueIdentifier>
    </Filter>
    <Filter Include="3rdParty\Zydis">
      <UniqueIdentifier>{41d6c945-6111-465b-923d-0552494417d8}</UniqueIdentifier>
    </Filter>
  </ItemGroup>
  <ItemGroup>
    <ClCompile Include="main.cpp">
      <Filter>源文件</Filter>
    </ClCompile>
    <ClCompile Include="3rdParty\Zydis\Zydis.c">
      <Filter>3rdParty\Zydis</Filter>
    </ClCompile>
    <ClCompile Include="pipe\pipe.cpp">
      <Filter>pipe</Filter>
    </ClCompile>
    <ClCompile Include="veh\vehdbg.cpp">
      <Filter>veh</Filter>
    </ClCompile>
    <ClCompile Include="hook\reflector.c">
      <Filter>hook</Filter>
    </ClCompile>
    <ClCompile Include="hook\safehook.cpp">
      <Filter>hook</Filter>
    </ClCompile>
  </ItemGroup>
  <ItemGroup>
    <ClInclude Include="defs.h">
      <Filter>头文件</Filter>
    </ClInclude>
    <ClInclude Include="3rdParty\Zydis\Zydis.h">
      <Filter>3rdParty\Zydis</Filter>
    </ClInclude>
    <ClInclude Include="pipe\pipe.h">
      <Filter>pipe</Filter>
    </ClInclude>
    <ClInclude Include="veh\vehdbg.h">
      <Filter>veh</Filter>
    </ClInclude>
    <ClInclude Include="callback\InstrumentationCallback.hpp">
      <Filter>monitor\syscall</Filter>
    </ClInclude>
    <ClInclude Include="hook\reflector.h">
      <Filter>hook</Filter>
    </ClInclude>
    <ClInclude Include="hook\safehook.h">
      <Filter>hook</Filter>
    </ClInclude>
  </ItemGroup>
  <ItemGroup>
    <MASM Include="callback\callback.asm">
      <Filter>monitor\syscall</Filter>
    </MASM>
    <MASM Include="hook\hook_dispatch.asm">
      <Filter>hook</Filter>
    </MASM>
  </ItemGroup>
</Project>